{
  "name": "sveltify-plot",
  "version": "0.0.1",
  "lockfileVersion": 3,
  "requires": true,
  "packages": {
    "": {
      "name": "sveltify-plot",
      "version": "0.0.1",
      "license": "ISC",
      "dependencies": {
        "acorn": "^8.11.3",
        "acorn-walk": "^8.3.2",
        "astring": "^1.8.6"
      }
    },
    "node_modules/acorn": {
      "version": "8.11.3",
      "resolved": "https://registry.npmjs.org/acorn/-/acorn-8.11.3.tgz",
      "integrity": "sha512-Y9rRfJG5jcKOE0CLisYbojUjIrIEE7AGMzA/Sm4BslANhbS+cDMpgBdcPT91oJ7OuJ9hYJBx59RjbhxVnrF8Xg==",
      "bin": {
        "acorn": "bin/acorn"
      },
      "engines": {
        "node": ">=0.4.0"
      }
    },
    "node_modules/astring": {
      "version": "1.8.6",
      "resolved": "https://registry.npmjs.org/astring/-/astring-1.8.6.tgz",
      "integrity": "sha512-ISvCdHdlTDlH5IpxQJIex7BWBywFWgjJSVdwst+/iQCoEYnyOaQ95+X1JGshuBjGp6nxKUy1jMgE3zPqN7fQdg==",
      "bin": {
        "astring": "bin/astring"
      }
    }
  }
}
